// !$*UTF8*$!
{
	archiveVersion = 1;
	classes = {
	};
	objectVersion = 56;
	objects = {

/* Begin PBXBuildFile section */
		2EB862856E29753123F011B3 /* Pods_Tracker.framework in Frameworks */ = {isa = PBXBuildFile; fileRef = A1D750ECD192E3AB5DE0C492 /* Pods_Tracker.framework */; };
		7F3ABE4A2C16E31C004BB55B /* Array+Extensions.swift in Sources */ = {isa = PBXBuildFile; fileRef = 7F3ABE492C16E31C004BB55B /* Array+Extensions.swift */; };
		7F3ABE4C2C1774CA004BB55B /* FiltersViewController.swift in Sources */ = {isa = PBXBuildFile; fileRef = 7F3ABE4B2C1774CA004BB55B /* FiltersViewController.swift */; };
		7F3ABE4E2C177A28004BB55B /* TrackerFilter.swift in Sources */ = {isa = PBXBuildFile; fileRef = 7F3ABE4D2C177A28004BB55B /* TrackerFilter.swift */; };
		7F3ABE502C1886BB004BB55B /* StatisticItemView.swift in Sources */ = {isa = PBXBuildFile; fileRef = 7F3ABE4F2C1886BB004BB55B /* StatisticItemView.swift */; };
		7F3ABE522C18C133004BB55B /* AnalyticsService.swift in Sources */ = {isa = PBXBuildFile; fileRef = 7F3ABE512C18C133004BB55B /* AnalyticsService.swift */; };
		7F49689C2B554269006C27A0 /* AppDelegate.swift in Sources */ = {isa = PBXBuildFile; fileRef = 7F49689B2B554269006C27A0 /* AppDelegate.swift */; };
		7F49689E2B554269006C27A0 /* SceneDelegate.swift in Sources */ = {isa = PBXBuildFile; fileRef = 7F49689D2B554269006C27A0 /* SceneDelegate.swift */; };
		7F4968A02B554269006C27A0 /* MainTabBarController.swift in Sources */ = {isa = PBXBuildFile; fileRef = 7F49689F2B554269006C27A0 /* MainTabBarController.swift */; };
		7F4968A52B55426A006C27A0 /* Assets.xcassets in Resources */ = {isa = PBXBuildFile; fileRef = 7F4968A42B55426A006C27A0 /* Assets.xcassets */; };
		7F4968A82B55426A006C27A0 /* LaunchScreen.storyboard in Resources */ = {isa = PBXBuildFile; fileRef = 7F4968A62B55426A006C27A0 /* LaunchScreen.storyboard */; };
		7F4968B32B5549C9006C27A0 /* YS Display-Bold.ttf in Resources */ = {isa = PBXBuildFile; fileRef = 7F4968B12B5549C9006C27A0 /* YS Display-Bold.ttf */; };
		7F4968B42B5549C9006C27A0 /* YS Display-Medium.ttf in Resources */ = {isa = PBXBuildFile; fileRef = 7F4968B22B5549C9006C27A0 /* YS Display-Medium.ttf */; };
		7F4968B62B55578D006C27A0 /* TrackersViewController.swift in Sources */ = {isa = PBXBuildFile; fileRef = 7F4968B52B55578D006C27A0 /* TrackersViewController.swift */; };
		7F4968B82B556C9A006C27A0 /* StatisticsViewController.swift in Sources */ = {isa = PBXBuildFile; fileRef = 7F4968B72B556C9A006C27A0 /* StatisticsViewController.swift */; };
		7F49694B2B5D4AA3006C27A0 /* Tracker.swift in Sources */ = {isa = PBXBuildFile; fileRef = 7F49694A2B5D4AA3006C27A0 /* Tracker.swift */; };
		7F49694D2B5D5015006C27A0 /* ReccuringSchedule.swift in Sources */ = {isa = PBXBuildFile; fileRef = 7F49694C2B5D5015006C27A0 /* ReccuringSchedule.swift */; };
		7F49694F2B5D530F006C27A0 /* TrackerCategory.swift in Sources */ = {isa = PBXBuildFile; fileRef = 7F49694E2B5D530F006C27A0 /* TrackerCategory.swift */; };
		7F4969512B5D53DB006C27A0 /* TrackerRecord.swift in Sources */ = {isa = PBXBuildFile; fileRef = 7F4969502B5D53DB006C27A0 /* TrackerRecord.swift */; };
		7F4969612B61432E006C27A0 /* SelectTrackerViewController.swift in Sources */ = {isa = PBXBuildFile; fileRef = 7F4969602B61432E006C27A0 /* SelectTrackerViewController.swift */; };
		7F4969822B650F0C006C27A0 /* TrackersCell.swift in Sources */ = {isa = PBXBuildFile; fileRef = 7F4969812B650F0C006C27A0 /* TrackersCell.swift */; };
		7F4969862B65294D006C27A0 /* GeometricParams.swift in Sources */ = {isa = PBXBuildFile; fileRef = 7F4969852B65294D006C27A0 /* GeometricParams.swift */; };
		7F4969882B662C2F006C27A0 /* ReusableHeader.swift in Sources */ = {isa = PBXBuildFile; fileRef = 7F4969872B662C2F006C27A0 /* ReusableHeader.swift */; };
		7F49698A2B67B5CE006C27A0 /* UIColor+Extensions.swift in Sources */ = {isa = PBXBuildFile; fileRef = 7F4969892B67B5CE006C27A0 /* UIColor+Extensions.swift */; };
		7F4969912B76307F006C27A0 /* CreateTrackerViewController.swift in Sources */ = {isa = PBXBuildFile; fileRef = 7F4969902B76307F006C27A0 /* CreateTrackerViewController.swift */; };
		7F4969952B77848E006C27A0 /* ScheduleViewController.swift in Sources */ = {isa = PBXBuildFile; fileRef = 7F4969942B77848E006C27A0 /* ScheduleViewController.swift */; };
		7F4969992B7A2A24006C27A0 /* MockDataService.swift in Sources */ = {isa = PBXBuildFile; fileRef = 7F4969982B7A2A24006C27A0 /* MockDataService.swift */; };
		7F49699C2B7CC1D5006C27A0 /* EmojiCell.swift in Sources */ = {isa = PBXBuildFile; fileRef = 7F49699B2B7CC1D5006C27A0 /* EmojiCell.swift */; };
		7F4969A22B7D04DE006C27A0 /* ColorCell.swift in Sources */ = {isa = PBXBuildFile; fileRef = 7F4969A12B7D04DE006C27A0 /* ColorCell.swift */; };
		7F9A18A02BDFC2B9002D3DF3 /* CustomButton.swift in Sources */ = {isa = PBXBuildFile; fileRef = 7F9A189F2BDFC2B9002D3DF3 /* CustomButton.swift */; };
		7F9A18A22BDFD0E3002D3DF3 /* CustomTitleLabel.swift in Sources */ = {isa = PBXBuildFile; fileRef = 7F9A18A12BDFD0E3002D3DF3 /* CustomTitleLabel.swift */; };
		7F9A18A42BE0FB47002D3DF3 /* CategoryListViewController.swift in Sources */ = {isa = PBXBuildFile; fileRef = 7F9A18A32BE0FB47002D3DF3 /* CategoryListViewController.swift */; };
		7F9A18A62BE0FE72002D3DF3 /* ConfigurableTableViewCell.swift in Sources */ = {isa = PBXBuildFile; fileRef = 7F9A18A52BE0FE72002D3DF3 /* ConfigurableTableViewCell.swift */; };
		7F9A18A82BE142C4002D3DF3 /* TableView+Extensions.swift in Sources */ = {isa = PBXBuildFile; fileRef = 7F9A18A72BE142C4002D3DF3 /* TableView+Extensions.swift */; };
		7FB1C1992BD7C675000C6BA6 /* OnboardingViewController.swift in Sources */ = {isa = PBXBuildFile; fileRef = 7FB1C1982BD7C675000C6BA6 /* OnboardingViewController.swift */; };
		7FB4E0712C0D820300A73FA8 /* Localizable.strings in Resources */ = {isa = PBXBuildFile; fileRef = 7FB4E06F2C0D820300A73FA8 /* Localizable.strings */; };
		7FB4E0752C0D823A00A73FA8 /* Localizable.stringsdict in Resources */ = {isa = PBXBuildFile; fileRef = 7FB4E0732C0D823A00A73FA8 /* Localizable.stringsdict */; };
		7FB4E07C2C0DAB2900A73FA8 /* L10n.swift in Sources */ = {isa = PBXBuildFile; fileRef = 7FB4E07B2C0DAB2900A73FA8 /* L10n.swift */; };
		7FFC541D2BC6AD3E00B618F6 /* TrackerModel.xcdatamodeld in Sources */ = {isa = PBXBuildFile; fileRef = 7FFC541B2BC6AD3E00B618F6 /* TrackerModel.xcdatamodeld */; };
		7FFC54202BC6C7F700B618F6 /* TrackerStore.swift in Sources */ = {isa = PBXBuildFile; fileRef = 7FFC541F2BC6C7F700B618F6 /* TrackerStore.swift */; };
		7FFC54222BC6C8B900B618F6 /* TrackerCategoryStore.swift in Sources */ = {isa = PBXBuildFile; fileRef = 7FFC54212BC6C8B900B618F6 /* TrackerCategoryStore.swift */; };
		7FFC54242BC6C8ED00B618F6 /* TrackerRecordStore.swift in Sources */ = {isa = PBXBuildFile; fileRef = 7FFC54232BC6C8ED00B618F6 /* TrackerRecordStore.swift */; };
		7FFC54262BC6D60800B618F6 /* ReccuringScheduleTransformer.swift in Sources */ = {isa = PBXBuildFile; fileRef = 7FFC54252BC6D60800B618F6 /* ReccuringScheduleTransformer.swift */; };
		7FFC54282BC6D93300B618F6 /* CoreDataStack.swift in Sources */ = {isa = PBXBuildFile; fileRef = 7FFC54272BC6D93300B618F6 /* CoreDataStack.swift */; };
		7FFDB1822BFC619D000BF785 /* CategoryListViewModel.swift in Sources */ = {isa = PBXBuildFile; fileRef = 7FFDB1812BFC619D000BF785 /* CategoryListViewModel.swift */; };
		7FFDB1842BFC81E1000BF785 /* AddCategoryViewModel.swift in Sources */ = {isa = PBXBuildFile; fileRef = 7FFDB1832BFC81E1000BF785 /* AddCategoryViewModel.swift */; };
		7FFDB1862BFC8BD5000BF785 /* CustomTextField.swift in Sources */ = {isa = PBXBuildFile; fileRef = 7FFDB1852BFC8BD5000BF785 /* CustomTextField.swift */; };
		7FFDB1882BFC9634000BF785 /* Fonts.swift in Sources */ = {isa = PBXBuildFile; fileRef = 7FFDB1872BFC9634000BF785 /* Fonts.swift */; };
		7FFDB18A2BFCA300000BF785 /* TrackersViewModel.swift in Sources */ = {isa = PBXBuildFile; fileRef = 7FFDB1892BFCA300000BF785 /* TrackersViewModel.swift */; };
		7FFDB1962BFCEA74000BF785 /* CreateTrackerViewModel.swift in Sources */ = {isa = PBXBuildFile; fileRef = 7FFDB1952BFCEA74000BF785 /* CreateTrackerViewModel.swift */; };
		7FFDB19A2BFE25F4000BF785 /* ScheduleViewModel.swift in Sources */ = {isa = PBXBuildFile; fileRef = 7FFDB1992BFE25F4000BF785 /* ScheduleViewModel.swift */; };
		7FFDB1BA2C00D26A000BF785 /* OnboardingPageViewController.swift in Sources */ = {isa = PBXBuildFile; fileRef = 7FFDB1B92C00D26A000BF785 /* OnboardingPageViewController.swift */; };
		7FFDB1C02C01009D000BF785 /* EmptyStateType.swift in Sources */ = {isa = PBXBuildFile; fileRef = 7FFDB1BF2C01009D000BF785 /* EmptyStateType.swift */; };
		7FFDB1C22C0101F9000BF785 /* EmptyStateView.swift in Sources */ = {isa = PBXBuildFile; fileRef = 7FFDB1C12C0101F9000BF785 /* EmptyStateView.swift */; };
		7FFDB1C42C01E7E4000BF785 /* ViewState.swift in Sources */ = {isa = PBXBuildFile; fileRef = 7FFDB1C32C01E7E4000BF785 /* ViewState.swift */; };
		7FFDB1C82C022B15000BF785 /* Weekday.swift in Sources */ = {isa = PBXBuildFile; fileRef = 7FFDB1C72C022B15000BF785 /* Weekday.swift */; };
		7FFDB1CA2C022B70000BF785 /* ScheduleType.swift in Sources */ = {isa = PBXBuildFile; fileRef = 7FFDB1C92C022B70000BF785 /* ScheduleType.swift */; };
		7FFF1B3E2BF38AE00025D1C7 /* AddCategoryViewController.swift in Sources */ = {isa = PBXBuildFile; fileRef = 7FFF1B3D2BF38AE00025D1C7 /* AddCategoryViewController.swift */; };
/* End PBXBuildFile section */

/* Begin PBXFileReference section */
		087F792029569D06CB390F23 /* Pods-Tracker.debug.xcconfig */ = {isa = PBXFileReference; includeInIndex = 1; lastKnownFileType = text.xcconfig; name = "Pods-Tracker.debug.xcconfig"; path = "Target Support Files/Pods-Tracker/Pods-Tracker.debug.xcconfig"; sourceTree = "<group>"; };
		3700058326EFA61C7672153E /* Pods-Tracker.release.xcconfig */ = {isa = PBXFileReference; includeInIndex = 1; lastKnownFileType = text.xcconfig; name = "Pods-Tracker.release.xcconfig"; path = "Target Support Files/Pods-Tracker/Pods-Tracker.release.xcconfig"; sourceTree = "<group>"; };
		7F3ABE492C16E31C004BB55B /* Array+Extensions.swift */ = {isa = PBXFileReference; lastKnownFileType = sourcecode.swift; path = "Array+Extensions.swift"; sourceTree = "<group>"; };
		7F3ABE4B2C1774CA004BB55B /* FiltersViewController.swift */ = {isa = PBXFileReference; lastKnownFileType = sourcecode.swift; path = FiltersViewController.swift; sourceTree = "<group>"; };
		7F3ABE4D2C177A28004BB55B /* TrackerFilter.swift */ = {isa = PBXFileReference; lastKnownFileType = sourcecode.swift; path = TrackerFilter.swift; sourceTree = "<group>"; };
		7F3ABE4F2C1886BB004BB55B /* StatisticItemView.swift */ = {isa = PBXFileReference; lastKnownFileType = sourcecode.swift; path = StatisticItemView.swift; sourceTree = "<group>"; };
		7F3ABE512C18C133004BB55B /* AnalyticsService.swift */ = {isa = PBXFileReference; lastKnownFileType = sourcecode.swift; path = AnalyticsService.swift; sourceTree = "<group>"; };
		7F4968982B554269006C27A0 /* Tracker.app */ = {isa = PBXFileReference; explicitFileType = wrapper.application; includeInIndex = 0; path = Tracker.app; sourceTree = BUILT_PRODUCTS_DIR; };
		7F49689B2B554269006C27A0 /* AppDelegate.swift */ = {isa = PBXFileReference; lastKnownFileType = sourcecode.swift; path = AppDelegate.swift; sourceTree = "<group>"; };
		7F49689D2B554269006C27A0 /* SceneDelegate.swift */ = {isa = PBXFileReference; lastKnownFileType = sourcecode.swift; path = SceneDelegate.swift; sourceTree = "<group>"; };
		7F49689F2B554269006C27A0 /* MainTabBarController.swift */ = {isa = PBXFileReference; lastKnownFileType = sourcecode.swift; path = MainTabBarController.swift; sourceTree = "<group>"; };
		7F4968A42B55426A006C27A0 /* Assets.xcassets */ = {isa = PBXFileReference; lastKnownFileType = folder.assetcatalog; path = Assets.xcassets; sourceTree = "<group>"; };
		7F4968A72B55426A006C27A0 /* Base */ = {isa = PBXFileReference; lastKnownFileType = file.storyboard; name = Base; path = Base.lproj/LaunchScreen.storyboard; sourceTree = "<group>"; };
		7F4968A92B55426A006C27A0 /* Info.plist */ = {isa = PBXFileReference; lastKnownFileType = text.plist.xml; path = Info.plist; sourceTree = "<group>"; };
		7F4968B12B5549C9006C27A0 /* YS Display-Bold.ttf */ = {isa = PBXFileReference; lastKnownFileType = file; path = "YS Display-Bold.ttf"; sourceTree = "<group>"; };
		7F4968B22B5549C9006C27A0 /* YS Display-Medium.ttf */ = {isa = PBXFileReference; lastKnownFileType = file; path = "YS Display-Medium.ttf"; sourceTree = "<group>"; };
		7F4968B52B55578D006C27A0 /* TrackersViewController.swift */ = {isa = PBXFileReference; lastKnownFileType = sourcecode.swift; path = TrackersViewController.swift; sourceTree = "<group>"; };
		7F4968B72B556C9A006C27A0 /* StatisticsViewController.swift */ = {isa = PBXFileReference; lastKnownFileType = sourcecode.swift; path = StatisticsViewController.swift; sourceTree = "<group>"; };
		7F49694A2B5D4AA3006C27A0 /* Tracker.swift */ = {isa = PBXFileReference; lastKnownFileType = sourcecode.swift; path = Tracker.swift; sourceTree = "<group>"; };
		7F49694C2B5D5015006C27A0 /* ReccuringSchedule.swift */ = {isa = PBXFileReference; lastKnownFileType = sourcecode.swift; path = ReccuringSchedule.swift; sourceTree = "<group>"; };
		7F49694E2B5D530F006C27A0 /* TrackerCategory.swift */ = {isa = PBXFileReference; lastKnownFileType = sourcecode.swift; path = TrackerCategory.swift; sourceTree = "<group>"; };
		7F4969502B5D53DB006C27A0 /* TrackerRecord.swift */ = {isa = PBXFileReference; lastKnownFileType = sourcecode.swift; path = TrackerRecord.swift; sourceTree = "<group>"; };
		7F4969602B61432E006C27A0 /* SelectTrackerViewController.swift */ = {isa = PBXFileReference; lastKnownFileType = sourcecode.swift; path = SelectTrackerViewController.swift; sourceTree = "<group>"; };
		7F4969812B650F0C006C27A0 /* TrackersCell.swift */ = {isa = PBXFileReference; lastKnownFileType = sourcecode.swift; path = TrackersCell.swift; sourceTree = "<group>"; };
		7F4969852B65294D006C27A0 /* GeometricParams.swift */ = {isa = PBXFileReference; lastKnownFileType = sourcecode.swift; path = GeometricParams.swift; sourceTree = "<group>"; };
		7F4969872B662C2F006C27A0 /* ReusableHeader.swift */ = {isa = PBXFileReference; lastKnownFileType = sourcecode.swift; path = ReusableHeader.swift; sourceTree = "<group>"; };
		7F4969892B67B5CE006C27A0 /* UIColor+Extensions.swift */ = {isa = PBXFileReference; lastKnownFileType = sourcecode.swift; path = "UIColor+Extensions.swift"; sourceTree = "<group>"; };
		7F4969902B76307F006C27A0 /* CreateTrackerViewController.swift */ = {isa = PBXFileReference; lastKnownFileType = sourcecode.swift; path = CreateTrackerViewController.swift; sourceTree = "<group>"; };
		7F4969942B77848E006C27A0 /* ScheduleViewController.swift */ = {isa = PBXFileReference; lastKnownFileType = sourcecode.swift; path = ScheduleViewController.swift; sourceTree = "<group>"; };
		7F4969982B7A2A24006C27A0 /* MockDataService.swift */ = {isa = PBXFileReference; lastKnownFileType = sourcecode.swift; path = MockDataService.swift; sourceTree = "<group>"; };
		7F49699B2B7CC1D5006C27A0 /* EmojiCell.swift */ = {isa = PBXFileReference; lastKnownFileType = sourcecode.swift; path = EmojiCell.swift; sourceTree = "<group>"; };
		7F4969A12B7D04DE006C27A0 /* ColorCell.swift */ = {isa = PBXFileReference; lastKnownFileType = sourcecode.swift; path = ColorCell.swift; sourceTree = "<group>"; };
		7F9A189F2BDFC2B9002D3DF3 /* CustomButton.swift */ = {isa = PBXFileReference; lastKnownFileType = sourcecode.swift; path = CustomButton.swift; sourceTree = "<group>"; };
		7F9A18A12BDFD0E3002D3DF3 /* CustomTitleLabel.swift */ = {isa = PBXFileReference; lastKnownFileType = sourcecode.swift; path = CustomTitleLabel.swift; sourceTree = "<group>"; };
		7F9A18A32BE0FB47002D3DF3 /* CategoryListViewController.swift */ = {isa = PBXFileReference; lastKnownFileType = sourcecode.swift; path = CategoryListViewController.swift; sourceTree = "<group>"; };
		7F9A18A52BE0FE72002D3DF3 /* ConfigurableTableViewCell.swift */ = {isa = PBXFileReference; lastKnownFileType = sourcecode.swift; path = ConfigurableTableViewCell.swift; sourceTree = "<group>"; };
		7F9A18A72BE142C4002D3DF3 /* TableView+Extensions.swift */ = {isa = PBXFileReference; lastKnownFileType = sourcecode.swift; path = "TableView+Extensions.swift"; sourceTree = "<group>"; };
		7FB1C1982BD7C675000C6BA6 /* OnboardingViewController.swift */ = {isa = PBXFileReference; lastKnownFileType = sourcecode.swift; path = OnboardingViewController.swift; sourceTree = "<group>"; };
		7FB4E0702C0D820300A73FA8 /* en */ = {isa = PBXFileReference; lastKnownFileType = text.plist.strings; name = en; path = en.lproj/Localizable.strings; sourceTree = "<group>"; };
		7FB4E0742C0D823A00A73FA8 /* en */ = {isa = PBXFileReference; lastKnownFileType = text.plist.stringsdict; name = en; path = en.lproj/Localizable.stringsdict; sourceTree = "<group>"; };
		7FB4E0762C0D828200A73FA8 /* fr */ = {isa = PBXFileReference; lastKnownFileType = text.plist.strings; name = fr; path = fr.lproj/Localizable.strings; sourceTree = "<group>"; };
		7FB4E0772C0D828200A73FA8 /* fr */ = {isa = PBXFileReference; lastKnownFileType = text.plist.stringsdict; name = fr; path = fr.lproj/Localizable.stringsdict; sourceTree = "<group>"; };
		7FB4E0782C0D828E00A73FA8 /* ru */ = {isa = PBXFileReference; lastKnownFileType = text.plist.strings; name = ru; path = ru.lproj/Localizable.strings; sourceTree = "<group>"; };
		7FB4E0792C0D828E00A73FA8 /* ru */ = {isa = PBXFileReference; lastKnownFileType = text.plist.stringsdict; name = ru; path = ru.lproj/Localizable.stringsdict; sourceTree = "<group>"; };
		7FB4E07B2C0DAB2900A73FA8 /* L10n.swift */ = {isa = PBXFileReference; fileEncoding = 4; lastKnownFileType = sourcecode.swift; path = L10n.swift; sourceTree = "<group>"; };
		7FFC541C2BC6AD3E00B618F6 /* TrackerModel.xcdatamodel */ = {isa = PBXFileReference; lastKnownFileType = wrapper.xcdatamodel; path = TrackerModel.xcdatamodel; sourceTree = "<group>"; };
		7FFC541F2BC6C7F700B618F6 /* TrackerStore.swift */ = {isa = PBXFileReference; lastKnownFileType = sourcecode.swift; path = TrackerStore.swift; sourceTree = "<group>"; };
		7FFC54212BC6C8B900B618F6 /* TrackerCategoryStore.swift */ = {isa = PBXFileReference; lastKnownFileType = sourcecode.swift; path = TrackerCategoryStore.swift; sourceTree = "<group>"; };
		7FFC54232BC6C8ED00B618F6 /* TrackerRecordStore.swift */ = {isa = PBXFileReference; lastKnownFileType = sourcecode.swift; path = TrackerRecordStore.swift; sourceTree = "<group>"; };
		7FFC54252BC6D60800B618F6 /* ReccuringScheduleTransformer.swift */ = {isa = PBXFileReference; lastKnownFileType = sourcecode.swift; path = ReccuringScheduleTransformer.swift; sourceTree = "<group>"; };
		7FFC54272BC6D93300B618F6 /* CoreDataStack.swift */ = {isa = PBXFileReference; lastKnownFileType = sourcecode.swift; path = CoreDataStack.swift; sourceTree = "<group>"; };
		7FFDB1812BFC619D000BF785 /* CategoryListViewModel.swift */ = {isa = PBXFileReference; lastKnownFileType = sourcecode.swift; path = CategoryListViewModel.swift; sourceTree = "<group>"; };
		7FFDB1832BFC81E1000BF785 /* AddCategoryViewModel.swift */ = {isa = PBXFileReference; lastKnownFileType = sourcecode.swift; path = AddCategoryViewModel.swift; sourceTree = "<group>"; };
		7FFDB1852BFC8BD5000BF785 /* CustomTextField.swift */ = {isa = PBXFileReference; lastKnownFileType = sourcecode.swift; path = CustomTextField.swift; sourceTree = "<group>"; };
		7FFDB1872BFC9634000BF785 /* Fonts.swift */ = {isa = PBXFileReference; lastKnownFileType = sourcecode.swift; path = Fonts.swift; sourceTree = "<group>"; };
		7FFDB1892BFCA300000BF785 /* TrackersViewModel.swift */ = {isa = PBXFileReference; lastKnownFileType = sourcecode.swift; path = TrackersViewModel.swift; sourceTree = "<group>"; };
		7FFDB1952BFCEA74000BF785 /* CreateTrackerViewModel.swift */ = {isa = PBXFileReference; lastKnownFileType = sourcecode.swift; path = CreateTrackerViewModel.swift; sourceTree = "<group>"; };
		7FFDB1992BFE25F4000BF785 /* ScheduleViewModel.swift */ = {isa = PBXFileReference; lastKnownFileType = sourcecode.swift; path = ScheduleViewModel.swift; sourceTree = "<group>"; };
		7FFDB1B92C00D26A000BF785 /* OnboardingPageViewController.swift */ = {isa = PBXFileReference; lastKnownFileType = sourcecode.swift; path = OnboardingPageViewController.swift; sourceTree = "<group>"; };
		7FFDB1BF2C01009D000BF785 /* EmptyStateType.swift */ = {isa = PBXFileReference; lastKnownFileType = sourcecode.swift; path = EmptyStateType.swift; sourceTree = "<group>"; };
		7FFDB1C12C0101F9000BF785 /* EmptyStateView.swift */ = {isa = PBXFileReference; lastKnownFileType = sourcecode.swift; path = EmptyStateView.swift; sourceTree = "<group>"; };
		7FFDB1C32C01E7E4000BF785 /* ViewState.swift */ = {isa = PBXFileReference; lastKnownFileType = sourcecode.swift; path = ViewState.swift; sourceTree = "<group>"; };
		7FFDB1C72C022B15000BF785 /* Weekday.swift */ = {isa = PBXFileReference; lastKnownFileType = sourcecode.swift; path = Weekday.swift; sourceTree = "<group>"; };
		7FFDB1C92C022B70000BF785 /* ScheduleType.swift */ = {isa = PBXFileReference; lastKnownFileType = sourcecode.swift; path = ScheduleType.swift; sourceTree = "<group>"; };
		7FFF1B3D2BF38AE00025D1C7 /* AddCategoryViewController.swift */ = {isa = PBXFileReference; lastKnownFileType = sourcecode.swift; path = AddCategoryViewController.swift; sourceTree = "<group>"; };
		A1D750ECD192E3AB5DE0C492 /* Pods_Tracker.framework */ = {isa = PBXFileReference; explicitFileType = wrapper.framework; includeInIndex = 0; path = Pods_Tracker.framework; sourceTree = BUILT_PRODUCTS_DIR; };
/* End PBXFileReference section */

/* Begin PBXFrameworksBuildPhase section */
		7F4968952B554269006C27A0 /* Frameworks */ = {
			isa = PBXFrameworksBuildPhase;
			buildActionMask = 2147483647;
			files = (
				2EB862856E29753123F011B3 /* Pods_Tracker.framework in Frameworks */,
			);
			runOnlyForDeploymentPostprocessing = 0;
		};
/* End PBXFrameworksBuildPhase section */

/* Begin PBXGroup section */
		62B1A8D3CFCF2362F1BE9EAB /* Frameworks */ = {
			isa = PBXGroup;
			children = (
				A1D750ECD192E3AB5DE0C492 /* Pods_Tracker.framework */,
			);
			name = Frameworks;
			sourceTree = "<group>";
		};
		7F49688F2B554269006C27A0 = {
			isa = PBXGroup;
			children = (
				7FFC541B2BC6AD3E00B618F6 /* TrackerModel.xcdatamodeld */,
				7F49689A2B554269006C27A0 /* Tracker */,
				7F4968992B554269006C27A0 /* Products */,
				B05D5C6FCBFCBCBBDE4C127C /* Pods */,
				62B1A8D3CFCF2362F1BE9EAB /* Frameworks */,
			);
			sourceTree = "<group>";
		};
		7F4968992B554269006C27A0 /* Products */ = {
			isa = PBXGroup;
			children = (
				7F4968982B554269006C27A0 /* Tracker.app */,
			);
			name = Products;
			sourceTree = "<group>";
		};
		7F49689A2B554269006C27A0 /* Tracker */ = {
			isa = PBXGroup;
			children = (
				7FFC541E2BC6C26900B618F6 /* CoreDataServices */,
				7FFDB18B2BFCDF2C000BF785 /* Screens */,
				7F4969832B651878006C27A0 /* Components */,
				7F4969492B5D4A78006C27A0 /* Models */,
				7F4969842B652929006C27A0 /* Helpers */,
				7F4968AF2B55494D006C27A0 /* Resources */,
				7F49689B2B554269006C27A0 /* AppDelegate.swift */,
				7F49689D2B554269006C27A0 /* SceneDelegate.swift */,
				7F4968A62B55426A006C27A0 /* LaunchScreen.storyboard */,
				7F4968A92B55426A006C27A0 /* Info.plist */,
				7F3ABE512C18C133004BB55B /* AnalyticsService.swift */,
			);
			path = Tracker;
			sourceTree = "<group>";
		};
		7F4968AF2B55494D006C27A0 /* Resources */ = {
			isa = PBXGroup;
			children = (
				7FB4E0722C0D821B00A73FA8 /* Generated */,
				7F4968A42B55426A006C27A0 /* Assets.xcassets */,
				7F4968B02B5549C9006C27A0 /* Fonts */,
				7FB4E06F2C0D820300A73FA8 /* Localizable.strings */,
				7FB4E0732C0D823A00A73FA8 /* Localizable.stringsdict */,
			);
			path = Resources;
			sourceTree = "<group>";
		};
		7F4968B02B5549C9006C27A0 /* Fonts */ = {
			isa = PBXGroup;
			children = (
				7F4968B12B5549C9006C27A0 /* YS Display-Bold.ttf */,
				7F4968B22B5549C9006C27A0 /* YS Display-Medium.ttf */,
			);
			path = Fonts;
			sourceTree = "<group>";
		};
		7F4969492B5D4A78006C27A0 /* Models */ = {
			isa = PBXGroup;
			children = (
				7F49694A2B5D4AA3006C27A0 /* Tracker.swift */,
				7F49694C2B5D5015006C27A0 /* ReccuringSchedule.swift */,
				7F49694E2B5D530F006C27A0 /* TrackerCategory.swift */,
				7F4969502B5D53DB006C27A0 /* TrackerRecord.swift */,
				7F4969982B7A2A24006C27A0 /* MockDataService.swift */,
			);
			path = Models;
			sourceTree = "<group>";
		};
		7F4969832B651878006C27A0 /* Components */ = {
			isa = PBXGroup;
			children = (
				7F4969872B662C2F006C27A0 /* ReusableHeader.swift */,
				7F9A189F2BDFC2B9002D3DF3 /* CustomButton.swift */,
				7F9A18A12BDFD0E3002D3DF3 /* CustomTitleLabel.swift */,
				7F9A18A52BE0FE72002D3DF3 /* ConfigurableTableViewCell.swift */,
				7FFDB1852BFC8BD5000BF785 /* CustomTextField.swift */,
				7FFDB1C12C0101F9000BF785 /* EmptyStateView.swift */,
				7F3ABE4F2C1886BB004BB55B /* StatisticItemView.swift */,
			);
			path = Components;
			sourceTree = "<group>";
		};
		7F4969842B652929006C27A0 /* Helpers */ = {
			isa = PBXGroup;
			children = (
				7F4969852B65294D006C27A0 /* GeometricParams.swift */,
				7F4969892B67B5CE006C27A0 /* UIColor+Extensions.swift */,
				7F9A18A72BE142C4002D3DF3 /* TableView+Extensions.swift */,
				7FFDB1872BFC9634000BF785 /* Fonts.swift */,
				7FFDB1BF2C01009D000BF785 /* EmptyStateType.swift */,
				7FFDB1C32C01E7E4000BF785 /* ViewState.swift */,
				7FFDB1C72C022B15000BF785 /* Weekday.swift */,
				7FFDB1C92C022B70000BF785 /* ScheduleType.swift */,
				7F3ABE492C16E31C004BB55B /* Array+Extensions.swift */,
				7F3ABE4D2C177A28004BB55B /* TrackerFilter.swift */,
			);
			path = Helpers;
			sourceTree = "<group>";
		};
		7FB4E0722C0D821B00A73FA8 /* Generated */ = {
			isa = PBXGroup;
			children = (
				7FB4E07B2C0DAB2900A73FA8 /* L10n.swift */,
			);
			path = Generated;
			sourceTree = "<group>";
		};
		7FFC541E2BC6C26900B618F6 /* CoreDataServices */ = {
			isa = PBXGroup;
			children = (
				7FFC541F2BC6C7F700B618F6 /* TrackerStore.swift */,
				7FFC54212BC6C8B900B618F6 /* TrackerCategoryStore.swift */,
				7FFC54232BC6C8ED00B618F6 /* TrackerRecordStore.swift */,
				7FFC54252BC6D60800B618F6 /* ReccuringScheduleTransformer.swift */,
				7FFC54272BC6D93300B618F6 /* CoreDataStack.swift */,
			);
			path = CoreDataServices;
			sourceTree = "<group>";
		};
		7FFDB18B2BFCDF2C000BF785 /* Screens */ = {
			isa = PBXGroup;
			children = (
				7FFDB1B82C00D232000BF785 /* Onboarding */,
				7F49689F2B554269006C27A0 /* MainTabBarController.swift */,
				7F4969602B61432E006C27A0 /* SelectTrackerViewController.swift */,
				7FFDB18C2BFCDFE6000BF785 /* Trackers */,
				7FFDB18E2BFCE07A000BF785 /* CreateTracker */,
				7FFDB1922BFCE0D7000BF785 /* CategoryList */,
				7FFDB1932BFCE0FE000BF785 /* AddCategory */,
				7FFDB18F2BFCE090000BF785 /* Schedule */,
				7FFDB1942BFCE12F000BF785 /* Statistics */,
				7F3ABE4B2C1774CA004BB55B /* FiltersViewController.swift */,
			);
			path = Screens;
			sourceTree = "<group>";
		};
		7FFDB18C2BFCDFE6000BF785 /* Trackers */ = {
			isa = PBXGroup;
			children = (
				7F4968B52B55578D006C27A0 /* TrackersViewController.swift */,
				7FFDB1892BFCA300000BF785 /* TrackersViewModel.swift */,
				7F4969812B650F0C006C27A0 /* TrackersCell.swift */,
			);
			path = Trackers;
			sourceTree = "<group>";
		};
		7FFDB18E2BFCE07A000BF785 /* CreateTracker */ = {
			isa = PBXGroup;
			children = (
				7F4969902B76307F006C27A0 /* CreateTrackerViewController.swift */,
				7FFDB1952BFCEA74000BF785 /* CreateTrackerViewModel.swift */,
				7F4969A12B7D04DE006C27A0 /* ColorCell.swift */,
				7F49699B2B7CC1D5006C27A0 /* EmojiCell.swift */,
			);
			path = CreateTracker;
			sourceTree = "<group>";
		};
		7FFDB18F2BFCE090000BF785 /* Schedule */ = {
			isa = PBXGroup;
			children = (
				7F4969942B77848E006C27A0 /* ScheduleViewController.swift */,
				7FFDB1992BFE25F4000BF785 /* ScheduleViewModel.swift */,
			);
			path = Schedule;
			sourceTree = "<group>";
		};
		7FFDB1922BFCE0D7000BF785 /* CategoryList */ = {
			isa = PBXGroup;
			children = (
				7F9A18A32BE0FB47002D3DF3 /* CategoryListViewController.swift */,
				7FFDB1812BFC619D000BF785 /* CategoryListViewModel.swift */,
			);
			path = CategoryList;
			sourceTree = "<group>";
		};
		7FFDB1932BFCE0FE000BF785 /* AddCategory */ = {
			isa = PBXGroup;
			children = (
				7FFF1B3D2BF38AE00025D1C7 /* AddCategoryViewController.swift */,
				7FFDB1832BFC81E1000BF785 /* AddCategoryViewModel.swift */,
			);
			path = AddCategory;
			sourceTree = "<group>";
		};
		7FFDB1942BFCE12F000BF785 /* Statistics */ = {
			isa = PBXGroup;
			children = (
				7F4968B72B556C9A006C27A0 /* StatisticsViewController.swift */,
			);
			path = Statistics;
			sourceTree = "<group>";
		};
		7FFDB1B82C00D232000BF785 /* Onboarding */ = {
			isa = PBXGroup;
			children = (
				7FB1C1982BD7C675000C6BA6 /* OnboardingViewController.swift */,
				7FFDB1B92C00D26A000BF785 /* OnboardingPageViewController.swift */,
			);
			path = Onboarding;
			sourceTree = "<group>";
		};
		B05D5C6FCBFCBCBBDE4C127C /* Pods */ = {
			isa = PBXGroup;
			children = (
				087F792029569D06CB390F23 /* Pods-Tracker.debug.xcconfig */,
				3700058326EFA61C7672153E /* Pods-Tracker.release.xcconfig */,
			);
			path = Pods;
			sourceTree = "<group>";
		};
/* End PBXGroup section */

/* Begin PBXNativeTarget section */
		7F4968972B554269006C27A0 /* Tracker */ = {
			isa = PBXNativeTarget;
			buildConfigurationList = 7F4968AC2B55426A006C27A0 /* Build configuration list for PBXNativeTarget "Tracker" */;
			buildPhases = (
				E8C21FBC59FBF68716133F0E /* [CP] Check Pods Manifest.lock */,
				7FB4E07A2C0D8A6D00A73FA8 /* ShellScript */,
				7F4968942B554269006C27A0 /* Sources */,
				7F4968952B554269006C27A0 /* Frameworks */,
				7F4968962B554269006C27A0 /* Resources */,
				29574AC622FE1D896881C338 /* [CP] Embed Pods Frameworks */,
			);
			buildRules = (
			);
			dependencies = (
			);
			name = Tracker;
			productName = Tracker;
			productReference = 7F4968982B554269006C27A0 /* Tracker.app */;
			productType = "com.apple.product-type.application";
		};
/* End PBXNativeTarget section */

/* Begin PBXProject section */
		7F4968902B554269006C27A0 /* Project object */ = {
			isa = PBXProject;
			attributes = {
				BuildIndependentTargetsInParallel = 1;
				LastSwiftUpdateCheck = 1520;
				LastUpgradeCheck = 1520;
				TargetAttributes = {
					7F4968972B554269006C27A0 = {
						CreatedOnToolsVersion = 15.2;
					};
				};
			};
			buildConfigurationList = 7F4968932B554269006C27A0 /* Build configuration list for PBXProject "Tracker" */;
			compatibilityVersion = "Xcode 14.0";
			developmentRegion = en;
			hasScannedForEncodings = 0;
			knownRegions = (
				en,
				Base,
				fr,
				ru,
			);
			mainGroup = 7F49688F2B554269006C27A0;
			productRefGroup = 7F4968992B554269006C27A0 /* Products */;
			projectDirPath = "";
			projectRoot = "";
			targets = (
				7F4968972B554269006C27A0 /* Tracker */,
			);
		};
/* End PBXProject section */

/* Begin PBXResourcesBuildPhase section */
		7F4968962B554269006C27A0 /* Resources */ = {
			isa = PBXResourcesBuildPhase;
			buildActionMask = 2147483647;
			files = (
				7FB4E0712C0D820300A73FA8 /* Localizable.strings in Resources */,
				7F4968A82B55426A006C27A0 /* LaunchScreen.storyboard in Resources */,
				7F4968B42B5549C9006C27A0 /* YS Display-Medium.ttf in Resources */,
				7F4968B32B5549C9006C27A0 /* YS Display-Bold.ttf in Resources */,
				7F4968A52B55426A006C27A0 /* Assets.xcassets in Resources */,
				7FB4E0752C0D823A00A73FA8 /* Localizable.stringsdict in Resources */,
			);
			runOnlyForDeploymentPostprocessing = 0;
		};
/* End PBXResourcesBuildPhase section */

/* Begin PBXShellScriptBuildPhase section */
		29574AC622FE1D896881C338 /* [CP] Embed Pods Frameworks */ = {
			isa = PBXShellScriptBuildPhase;
			buildActionMask = 2147483647;
			files = (
			);
			inputFileListPaths = (
				"${PODS_ROOT}/Target Support Files/Pods-Tracker/Pods-Tracker-frameworks-${CONFIGURATION}-input-files.xcfilelist",
			);
			name = "[CP] Embed Pods Frameworks";
			outputFileListPaths = (
				"${PODS_ROOT}/Target Support Files/Pods-Tracker/Pods-Tracker-frameworks-${CONFIGURATION}-output-files.xcfilelist",
			);
			runOnlyForDeploymentPostprocessing = 0;
			shellPath = /bin/sh;
			shellScript = "\"${PODS_ROOT}/Target Support Files/Pods-Tracker/Pods-Tracker-frameworks.sh\"\n";
			showEnvVarsInLog = 0;
		};
		7FB4E07A2C0D8A6D00A73FA8 /* ShellScript */ = {
			isa = PBXShellScriptBuildPhase;
			buildActionMask = 2147483647;
			files = (
			);
			inputFileListPaths = (
			);
			inputPaths = (
				"$(SRCROOT)/Tracker/swiftgen.yml",
				"$(SRCROOT)/Tracker/Resources/ru.lproj/Localizable.strings",
			);
			outputFileListPaths = (
			);
			outputPaths = (
				"$(DERIVED_FILE_DIR)/Tracker/Resources/Generated/L10n.swift",
			);
			runOnlyForDeploymentPostprocessing = 0;
			shellPath = /bin/sh;
			shellScript = "if [ -x /opt/homebrew/bin/swiftgen ]; then\n  /opt/homebrew/bin/swiftgen config run --config \"${SRCROOT}/swiftgen.yml\"\nelse\n  echo \"warning: SwiftGen is not installed. Run 'brew install swiftgen' to install it.\"\nfi\n";
		};
		E8C21FBC59FBF68716133F0E /* [CP] Check Pods Manifest.lock */ = {
			isa = PBXShellScriptBuildPhase;
			buildActionMask = 2147483647;
			files = (
			);
			inputFileListPaths = (
			);
			inputPaths = (
				"${PODS_PODFILE_DIR_PATH}/Podfile.lock",
				"${PODS_ROOT}/Manifest.lock",
			);
			name = "[CP] Check Pods Manifest.lock";
			outputFileListPaths = (
			);
			outputPaths = (
				"$(DERIVED_FILE_DIR)/Pods-Tracker-checkManifestLockResult.txt",
			);
			runOnlyForDeploymentPostprocessing = 0;
			shellPath = /bin/sh;
			shellScript = "diff \"${PODS_PODFILE_DIR_PATH}/Podfile.lock\" \"${PODS_ROOT}/Manifest.lock\" > /dev/null\nif [ $? != 0 ] ; then\n    # print error to STDERR\n    echo \"error: The sandbox is not in sync with the Podfile.lock. Run 'pod install' or update your CocoaPods installation.\" >&2\n    exit 1\nfi\n# This output is used by Xcode 'outputs' to avoid re-running this script phase.\necho \"SUCCESS\" > \"${SCRIPT_OUTPUT_FILE_0}\"\n";
			showEnvVarsInLog = 0;
		};
/* End PBXShellScriptBuildPhase section */

/* Begin PBXSourcesBuildPhase section */
		7F4968942B554269006C27A0 /* Sources */ = {
			isa = PBXSourcesBuildPhase;
			buildActionMask = 2147483647;
			files = (
				7FB4E07C2C0DAB2900A73FA8 /* L10n.swift in Sources */,
				7F49694B2B5D4AA3006C27A0 /* Tracker.swift in Sources */,
				7FFC54202BC6C7F700B618F6 /* TrackerStore.swift in Sources */,
				7FFC54282BC6D93300B618F6 /* CoreDataStack.swift in Sources */,
				7F9A18A02BDFC2B9002D3DF3 /* CustomButton.swift in Sources */,
				7F3ABE522C18C133004BB55B /* AnalyticsService.swift in Sources */,
				7F4969A22B7D04DE006C27A0 /* ColorCell.swift in Sources */,
				7FFC54222BC6C8B900B618F6 /* TrackerCategoryStore.swift in Sources */,
				7FFDB1C22C0101F9000BF785 /* EmptyStateView.swift in Sources */,
				7FFF1B3E2BF38AE00025D1C7 /* AddCategoryViewController.swift in Sources */,
				7F49699C2B7CC1D5006C27A0 /* EmojiCell.swift in Sources */,
				7F4969952B77848E006C27A0 /* ScheduleViewController.swift in Sources */,
				7F4968A02B554269006C27A0 /* MainTabBarController.swift in Sources */,
				7F49694F2B5D530F006C27A0 /* TrackerCategory.swift in Sources */,
				7FFDB1C42C01E7E4000BF785 /* ViewState.swift in Sources */,
				7FFDB1962BFCEA74000BF785 /* CreateTrackerViewModel.swift in Sources */,
				7FFDB1CA2C022B70000BF785 /* ScheduleType.swift in Sources */,
				7FFDB1BA2C00D26A000BF785 /* OnboardingPageViewController.swift in Sources */,
				7F4969862B65294D006C27A0 /* GeometricParams.swift in Sources */,
				7FFDB1C02C01009D000BF785 /* EmptyStateType.swift in Sources */,
				7FB1C1992BD7C675000C6BA6 /* OnboardingViewController.swift in Sources */,
				7FFC541D2BC6AD3E00B618F6 /* TrackerModel.xcdatamodeld in Sources */,
				7FFDB1862BFC8BD5000BF785 /* CustomTextField.swift in Sources */,
				7F4969882B662C2F006C27A0 /* ReusableHeader.swift in Sources */,
				7FFDB1882BFC9634000BF785 /* Fonts.swift in Sources */,
				7FFDB1C82C022B15000BF785 /* Weekday.swift in Sources */,
				7F4969992B7A2A24006C27A0 /* MockDataService.swift in Sources */,
				7F3ABE4A2C16E31C004BB55B /* Array+Extensions.swift in Sources */,
				7F4969612B61432E006C27A0 /* SelectTrackerViewController.swift in Sources */,
				7F3ABE502C1886BB004BB55B /* StatisticItemView.swift in Sources */,
				7FFDB1822BFC619D000BF785 /* CategoryListViewModel.swift in Sources */,
				7F49694D2B5D5015006C27A0 /* ReccuringSchedule.swift in Sources */,
				7F49698A2B67B5CE006C27A0 /* UIColor+Extensions.swift in Sources */,
				7FFC54262BC6D60800B618F6 /* ReccuringScheduleTransformer.swift in Sources */,
				7F4968B82B556C9A006C27A0 /* StatisticsViewController.swift in Sources */,
				7F4969512B5D53DB006C27A0 /* TrackerRecord.swift in Sources */,
				7F9A18A62BE0FE72002D3DF3 /* ConfigurableTableViewCell.swift in Sources */,
				7FFDB1842BFC81E1000BF785 /* AddCategoryViewModel.swift in Sources */,
				7F9A18A42BE0FB47002D3DF3 /* CategoryListViewController.swift in Sources */,
				7F3ABE4C2C1774CA004BB55B /* FiltersViewController.swift in Sources */,
				7F9A18A82BE142C4002D3DF3 /* TableView+Extensions.swift in Sources */,
				7F4969822B650F0C006C27A0 /* TrackersCell.swift in Sources */,
				7F9A18A22BDFD0E3002D3DF3 /* CustomTitleLabel.swift in Sources */,
				7FFC54242BC6C8ED00B618F6 /* TrackerRecordStore.swift in Sources */,
				7F4969912B76307F006C27A0 /* CreateTrackerViewController.swift in Sources */,
				7FFDB18A2BFCA300000BF785 /* TrackersViewModel.swift in Sources */,
				7F3ABE4E2C177A28004BB55B /* TrackerFilter.swift in Sources */,
				7F4968B62B55578D006C27A0 /* TrackersViewController.swift in Sources */,
				7F49689C2B554269006C27A0 /* AppDelegate.swift in Sources */,
				7FFDB19A2BFE25F4000BF785 /* ScheduleViewModel.swift in Sources */,
				7F49689E2B554269006C27A0 /* SceneDelegate.swift in Sources */,
			);
			runOnlyForDeploymentPostprocessing = 0;
		};
/* End PBXSourcesBuildPhase section */

/* Begin PBXVariantGroup section */
		7F4968A62B55426A006C27A0 /* LaunchScreen.storyboard */ = {
			isa = PBXVariantGroup;
			children = (
				7F4968A72B55426A006C27A0 /* Base */,
			);
			name = LaunchScreen.storyboard;
			sourceTree = "<group>";
		};
		7FB4E06F2C0D820300A73FA8 /* Localizable.strings */ = {
			isa = PBXVariantGroup;
			children = (
				7FB4E0702C0D820300A73FA8 /* en */,
				7FB4E0762C0D828200A73FA8 /* fr */,
				7FB4E0782C0D828E00A73FA8 /* ru */,
			);
			name = Localizable.strings;
			sourceTree = "<group>";
		};
		7FB4E0732C0D823A00A73FA8 /* Localizable.stringsdict */ = {
			isa = PBXVariantGroup;
			children = (
				7FB4E0742C0D823A00A73FA8 /* en */,
				7FB4E0772C0D828200A73FA8 /* fr */,
				7FB4E0792C0D828E00A73FA8 /* ru */,
			);
			name = Localizable.stringsdict;
			sourceTree = "<group>";
		};
/* End PBXVariantGroup section */

/* Begin XCBuildConfiguration section */
		7F4968AA2B55426A006C27A0 /* Debug */ = {
			isa = XCBuildConfiguration;
			buildSettings = {
				ALWAYS_SEARCH_USER_PATHS = NO;
				ASSETCATALOG_COMPILER_GENERATE_SWIFT_ASSET_SYMBOL_EXTENSIONS = YES;
				CLANG_ANALYZER_LOCALIZABILITY_NONLOCALIZED = YES;
				CLANG_ANALYZER_NONNULL = YES;
				CLANG_ANALYZER_NUMBER_OBJECT_CONVERSION = YES_AGGRESSIVE;
				CLANG_CXX_LANGUAGE_STANDARD = "gnu++20";
				CLANG_ENABLE_MODULES = YES;
				CLANG_ENABLE_OBJC_ARC = YES;
				CLANG_ENABLE_OBJC_WEAK = YES;
				CLANG_WARN_BLOCK_CAPTURE_AUTORELEASING = YES;
				CLANG_WARN_BOOL_CONVERSION = YES;
				CLANG_WARN_COMMA = YES;
				CLANG_WARN_CONSTANT_CONVERSION = YES;
				CLANG_WARN_DEPRECATED_OBJC_IMPLEMENTATIONS = YES;
				CLANG_WARN_DIRECT_OBJC_ISA_USAGE = YES_ERROR;
				CLANG_WARN_DOCUMENTATION_COMMENTS = YES;
				CLANG_WARN_EMPTY_BODY = YES;
				CLANG_WARN_ENUM_CONVERSION = YES;
				CLANG_WARN_INFINITE_RECURSION = YES;
				CLANG_WARN_INT_CONVERSION = YES;
				CLANG_WARN_NON_LITERAL_NULL_CONVERSION = YES;
				CLANG_WARN_OBJC_IMPLICIT_RETAIN_SELF = YES;
				CLANG_WARN_OBJC_LITERAL_CONVERSION = YES;
				CLANG_WARN_OBJC_ROOT_CLASS = YES_ERROR;
				CLANG_WARN_QUOTED_INCLUDE_IN_FRAMEWORK_HEADER = YES;
				CLANG_WARN_RANGE_LOOP_ANALYSIS = YES;
				CLANG_WARN_STRICT_PROTOTYPES = YES;
				CLANG_WARN_SUSPICIOUS_MOVE = YES;
				CLANG_WARN_UNGUARDED_AVAILABILITY = YES_AGGRESSIVE;
				CLANG_WARN_UNREACHABLE_CODE = YES;
				CLANG_WARN__DUPLICATE_METHOD_MATCH = YES;
				COPY_PHASE_STRIP = NO;
				DEBUG_INFORMATION_FORMAT = dwarf;
				ENABLE_STRICT_OBJC_MSGSEND = YES;
				ENABLE_TESTABILITY = YES;
				ENABLE_USER_SCRIPT_SANDBOXING = YES;
				GCC_C_LANGUAGE_STANDARD = gnu17;
				GCC_DYNAMIC_NO_PIC = NO;
				GCC_NO_COMMON_BLOCKS = YES;
				GCC_OPTIMIZATION_LEVEL = 0;
				GCC_PREPROCESSOR_DEFINITIONS = (
					"DEBUG=1",
					"$(inherited)",
				);
				GCC_WARN_64_TO_32_BIT_CONVERSION = YES;
				GCC_WARN_ABOUT_RETURN_TYPE = YES_ERROR;
				GCC_WARN_UNDECLARED_SELECTOR = YES;
				GCC_WARN_UNINITIALIZED_AUTOS = YES_AGGRESSIVE;
				GCC_WARN_UNUSED_FUNCTION = YES;
				GCC_WARN_UNUSED_VARIABLE = YES;
				IPHONEOS_DEPLOYMENT_TARGET = 17.2;
				LOCALIZATION_PREFERS_STRING_CATALOGS = YES;
				MTL_ENABLE_DEBUG_INFO = INCLUDE_SOURCE;
				MTL_FAST_MATH = YES;
				ONLY_ACTIVE_ARCH = YES;
				SDKROOT = iphoneos;
				SWIFT_ACTIVE_COMPILATION_CONDITIONS = "DEBUG $(inherited)";
				SWIFT_OPTIMIZATION_LEVEL = "-Onone";
			};
			name = Debug;
		};
		7F4968AB2B55426A006C27A0 /* Release */ = {
			isa = XCBuildConfiguration;
			buildSettings = {
				ALWAYS_SEARCH_USER_PATHS = NO;
				ASSETCATALOG_COMPILER_GENERATE_SWIFT_ASSET_SYMBOL_EXTENSIONS = YES;
				CLANG_ANALYZER_LOCALIZABILITY_NONLOCALIZED = YES;
				CLANG_ANALYZER_NONNULL = YES;
				CLANG_ANALYZER_NUMBER_OBJECT_CONVERSION = YES_AGGRESSIVE;
				CLANG_CXX_LANGUAGE_STANDARD = "gnu++20";
				CLANG_ENABLE_MODULES = YES;
				CLANG_ENABLE_OBJC_ARC = YES;
				CLANG_ENABLE_OBJC_WEAK = YES;
				CLANG_WARN_BLOCK_CAPTURE_AUTORELEASING = YES;
				CLANG_WARN_BOOL_CONVERSION = YES;
				CLANG_WARN_COMMA = YES;
				CLANG_WARN_CONSTANT_CONVERSION = YES;
				CLANG_WARN_DEPRECATED_OBJC_IMPLEMENTATIONS = YES;
				CLANG_WARN_DIRECT_OBJC_ISA_USAGE = YES_ERROR;
				CLANG_WARN_DOCUMENTATION_COMMENTS = YES;
				CLANG_WARN_EMPTY_BODY = YES;
				CLANG_WARN_ENUM_CONVERSION = YES;
				CLANG_WARN_INFINITE_RECURSION = YES;
				CLANG_WARN_INT_CONVERSION = YES;
				CLANG_WARN_NON_LITERAL_NULL_CONVERSION = YES;
				CLANG_WARN_OBJC_IMPLICIT_RETAIN_SELF = YES;
				CLANG_WARN_OBJC_LITERAL_CONVERSION = YES;
				CLANG_WARN_OBJC_ROOT_CLASS = YES_ERROR;
				CLANG_WARN_QUOTED_INCLUDE_IN_FRAMEWORK_HEADER = YES;
				CLANG_WARN_RANGE_LOOP_ANALYSIS = YES;
				CLANG_WARN_STRICT_PROTOTYPES = YES;
				CLANG_WARN_SUSPICIOUS_MOVE = YES;
				CLANG_WARN_UNGUARDED_AVAILABILITY = YES_AGGRESSIVE;
				CLANG_WARN_UNREACHABLE_CODE = YES;
				CLANG_WARN__DUPLICATE_METHOD_MATCH = YES;
				COPY_PHASE_STRIP = NO;
				DEBUG_INFORMATION_FORMAT = "dwarf-with-dsym";
				ENABLE_NS_ASSERTIONS = NO;
				ENABLE_STRICT_OBJC_MSGSEND = YES;
				ENABLE_USER_SCRIPT_SANDBOXING = YES;
				GCC_C_LANGUAGE_STANDARD = gnu17;
				GCC_NO_COMMON_BLOCKS = YES;
				GCC_WARN_64_TO_32_BIT_CONVERSION = YES;
				GCC_WARN_ABOUT_RETURN_TYPE = YES_ERROR;
				GCC_WARN_UNDECLARED_SELECTOR = YES;
				GCC_WARN_UNINITIALIZED_AUTOS = YES_AGGRESSIVE;
				GCC_WARN_UNUSED_FUNCTION = YES;
				GCC_WARN_UNUSED_VARIABLE = YES;
				IPHONEOS_DEPLOYMENT_TARGET = 17.2;
				LOCALIZATION_PREFERS_STRING_CATALOGS = YES;
				MTL_ENABLE_DEBUG_INFO = NO;
				MTL_FAST_MATH = YES;
				SDKROOT = iphoneos;
				SWIFT_COMPILATION_MODE = wholemodule;
				VALIDATE_PRODUCT = YES;
			};
			name = Release;
		};
		7F4968AD2B55426A006C27A0 /* Debug */ = {
			isa = XCBuildConfiguration;
			baseConfigurationReference = 087F792029569D06CB390F23 /* Pods-Tracker.debug.xcconfig */;
			buildSettings = {
				ASSETCATALOG_COMPILER_APPICON_NAME = AppIcon;
				ASSETCATALOG_COMPILER_GLOBAL_ACCENT_COLOR_NAME = AccentColor;
				CODE_SIGN_STYLE = Automatic;
				CURRENT_PROJECT_VERSION = 1;
				DEVELOPMENT_TEAM = Z83XWSZ5M7;
				ENABLE_USER_SCRIPT_SANDBOXING = NO;
				GENERATE_INFOPLIST_FILE = YES;
				INFOPLIST_FILE = Tracker/Info.plist;
				INFOPLIST_KEY_UIApplicationSupportsIndirectInputEvents = YES;
				INFOPLIST_KEY_UILaunchStoryboardName = LaunchScreen;
				INFOPLIST_KEY_UISupportedInterfaceOrientations_iPhone = UIInterfaceOrientationPortrait;
				IPHONEOS_DEPLOYMENT_TARGET = 13.4;
				LD_RUNPATH_SEARCH_PATHS = (
					"$(inherited)",
					"@executable_path/Frameworks",
				);
				MARKETING_VERSION = 1.0;
				PRODUCT_BUNDLE_IDENTIFIER = com.nataTruf.Tracker;
				PRODUCT_NAME = "$(TARGET_NAME)";
				SUPPORTED_PLATFORMS = "iphoneos iphonesimulator";
				SUPPORTS_MACCATALYST = NO;
				SUPPORTS_MAC_DESIGNED_FOR_IPHONE_IPAD = NO;
				SUPPORTS_XR_DESIGNED_FOR_IPHONE_IPAD = NO;
				SWIFT_EMIT_LOC_STRINGS = YES;
				SWIFT_VERSION = 5.0;
				TARGETED_DEVICE_FAMILY = 1;
			};
			name = Debug;
		};
		7F4968AE2B55426A006C27A0 /* Release */ = {
			isa = XCBuildConfiguration;
			baseConfigurationReference = 3700058326EFA61C7672153E /* Pods-Tracker.release.xcconfig */;
			buildSettings = {
				ASSETCATALOG_COMPILER_APPICON_NAME = AppIcon;
				ASSETCATALOG_COMPILER_GLOBAL_ACCENT_COLOR_NAME = AccentColor;
				CODE_SIGN_STYLE = Automatic;
				CURRENT_PROJECT_VERSION = 1;
				DEVELOPMENT_TEAM = Z83XWSZ5M7;
				ENABLE_USER_SCRIPT_SANDBOXING = NO;
				GENERATE_INFOPLIST_FILE = YES;
				INFOPLIST_FILE = Tracker/Info.plist;
				INFOPLIST_KEY_UIApplicationSupportsIndirectInputEvents = YES;
				INFOPLIST_KEY_UILaunchStoryboardName = LaunchScreen;
				INFOPLIST_KEY_UISupportedInterfaceOrientations_iPhone = UIInterfaceOrientationPortrait;
				IPHONEOS_DEPLOYMENT_TARGET = 13.4;
				LD_RUNPATH_SEARCH_PATHS = (
					"$(inherited)",
					"@executable_path/Frameworks",
				);
				MARKETING_VERSION = 1.0;
				PRODUCT_BUNDLE_IDENTIFIER = com.nataTruf.Tracker;
				PRODUCT_NAME = "$(TARGET_NAME)";
				SUPPORTED_PLATFORMS = "iphoneos iphonesimulator";
				SUPPORTS_MACCATALYST = NO;
				SUPPORTS_MAC_DESIGNED_FOR_IPHONE_IPAD = NO;
				SUPPORTS_XR_DESIGNED_FOR_IPHONE_IPAD = NO;
				SWIFT_EMIT_LOC_STRINGS = YES;
				SWIFT_VERSION = 5.0;
				TARGETED_DEVICE_FAMILY = 1;
			};
			name = Release;
		};
/* End XCBuildConfiguration section */

/* Begin XCConfigurationList section */
		7F4968932B554269006C27A0 /* Build configuration list for PBXProject "Tracker" */ = {
			isa = XCConfigurationList;
			buildConfigurations = (
				7F4968AA2B55426A006C27A0 /* Debug */,
				7F4968AB2B55426A006C27A0 /* Release */,
			);
			defaultConfigurationIsVisible = 0;
			defaultConfigurationName = Release;
		};
		7F4968AC2B55426A006C27A0 /* Build configuration list for PBXNativeTarget "Tracker" */ = {
			isa = XCConfigurationList;
			buildConfigurations = (
				7F4968AD2B55426A006C27A0 /* Debug */,
				7F4968AE2B55426A006C27A0 /* Release */,
			);
			defaultConfigurationIsVisible = 0;
			defaultConfigurationName = Release;
		};
/* End XCConfigurationList section */

/* Begin XCVersionGroup section */
		7FFC541B2BC6AD3E00B618F6 /* TrackerModel.xcdatamodeld */ = {
			isa = XCVersionGroup;
			children = (
				7FFC541C2BC6AD3E00B618F6 /* TrackerModel.xcdatamodel */,
			);
			currentVersion = 7FFC541C2BC6AD3E00B618F6 /* TrackerModel.xcdatamodel */;
			path = TrackerModel.xcdatamodeld;
			sourceTree = "<group>";
			versionGroupType = wrapper.xcdatamodel;
		};
/* End XCVersionGroup section */
	};
	rootObject = 7F4968902B554269006C27A0 /* Project object */;
}
